
Microsoft Visual Studio Solution File, Format Version 12.00
# Visual Studio 15
Project("{FAE04EC0-301F-11D3-BF4B-00C04F79EFBC}") = "CoffeeShop", "CoffeeShop\CoffeeShop.csproj", "{BB044450-C0FF-42E7-BB56-13D5CFE753B0}"
EndProject
Global
	GlobalSection(SolutionConfigurationPlatforms) = preSolution
		Debug|Any CPU = Debug|Any CPU
		Release|Any CPU = Release|Any CPU
	EndGlobalSection
	GlobalSection(ProjectConfigurationPlatforms) = postSolution
		{BB044450-C0FF-42E7-BB56-13D5CFE753B0}.Debug|Any CPU.ActiveCfg = Debug|Any CPU
		{BB044450-C0FF-42E7-BB56-13D5CFE753B0}.Debug|Any CPU.Build.0 = Debug|Any CPU
		{BB044450-C0FF-42E7-BB56-13D5CFE753B0}.Release|Any CPU.ActiveCfg = Release|Any CPU
		{BB044450-C0FF-42E7-BB56-13D5CFE753B0}.Release|Any CPU.Build.0 = Release|Any CPU
	EndGlobalSection
EndGlobal
